{
  "version": 4,
  "terraform_version": "0.12.26",
  "serial": 60,
  "lineage": "4ba70d24-a9f5-2309-03ab-70fb590d5d36",
  "outputs": {
    "instance_public_ips": {
      "value": [
        [
          "132.145.198.7",
          "129.213.196.18",
          "132.145.168.216"
        ]
      ],
      "type": [
        "tuple",
        [
          [
            "tuple",
            [
              "string",
              "string",
              "string"
            ]
          ]
        ]
      ]
    }
  },
  "resources": [
    {
      "mode": "data",
      "type": "oci_core_subnets",
      "name": "PubSubnet",
      "provider": "provider.oci",
      "instances": [
        {
          "schema_version": 0,
          "attributes": {
            "compartment_id": "ocid1.compartment.oc1..aaaaaaaab3putcdaqhecakltz55supy2mkfumaojtlqc3ctyctczpdxklqyq",
            "display_name": "PublicSubnet",
            "filter": null,
            "id": "2020-06-07 11:26:39.960173 +0000 UTC",
            "state": null,
            "subnets": [
              {
                "availability_domain": "",
                "cidr_block": "10.0.0.0/24",
                "compartment_id": "ocid1.compartment.oc1..aaaaaaaab3putcdaqhecakltz55supy2mkfumaojtlqc3ctyctczpdxklqyq",
                "defined_tags": {
                  "Oracle-Tags.CreatedBy": "99577676-lab.user01",
                  "Oracle-Tags.CreatedOn": "2020-06-07T08:53:32.822Z"
                },
                "dhcp_options_id": "ocid1.dhcpoptions.oc1.iad.aaaaaaaayqhazblwtabroutrp4fyjw4uddxukrm4wrntek6fv6dqgcpnacsa",
                "display_name": "PublicSubnet",
                "dns_label": "publicsubnet",
                "freeform_tags": {},
                "id": "ocid1.subnet.oc1.iad.aaaaaaaae7tm2guxqmcwdeu7o4xi2k2qx5kzajbm5xwyqhhp6symmvxjvkxa",
                "ipv6cidr_block": "",
                "ipv6public_cidr_block": "",
                "ipv6virtual_router_ip": "",
                "prohibit_public_ip_on_vnic": false,
                "route_table_id": "ocid1.routetable.oc1.iad.aaaaaaaa7mjyraichlpjm4rrtqrzuvapvk73pmbviertrexwvx726k3tmz7a",
                "security_list_ids": [
                  "ocid1.securitylist.oc1.iad.aaaaaaaan74e2nhvi3ormfhcnpm4sj4sdgcj4kr6o3mbstitwpmb5ifvtena"
                ],
                "state": "AVAILABLE",
                "subnet_domain_name": "publicsubnet.terraformvcn.oraclevcn.com",
                "time_created": "2020-06-07 08:53:33.119 +0000 UTC",
                "vcn_id": "ocid1.vcn.oc1.iad.amaaaaaalwlrxmya5y2kx5p3lpkdf5pt7zesaeeph543mlhxaqflagxdddga",
                "virtual_router_ip": "10.0.0.1",
                "virtual_router_mac": "00:00:17:56:7D:6C"
              }
            ],
            "vcn_id": "ocid1.vcn.oc1.iad.amaaaaaalwlrxmya5y2kx5p3lpkdf5pt7zesaeeph543mlhxaqflagxdddga"
          }
        }
      ]
    },
    {
      "mode": "data",
      "type": "oci_core_vcns",
      "name": "terraformVCN",
      "provider": "provider.oci",
      "instances": [
        {
          "schema_version": 0,
          "attributes": {
            "compartment_id": "ocid1.compartment.oc1..aaaaaaaab3putcdaqhecakltz55supy2mkfumaojtlqc3ctyctczpdxklqyq",
            "display_name": "terraformVCN",
            "filter": null,
            "id": "2020-06-07 11:26:39.594555 +0000 UTC",
            "state": null,
            "virtual_networks": [
              {
                "cidr_block": "10.0.0.0/16",
                "compartment_id": "ocid1.compartment.oc1..aaaaaaaab3putcdaqhecakltz55supy2mkfumaojtlqc3ctyctczpdxklqyq",
                "default_dhcp_options_id": "ocid1.dhcpoptions.oc1.iad.aaaaaaaayqhazblwtabroutrp4fyjw4uddxukrm4wrntek6fv6dqgcpnacsa",
                "default_route_table_id": "ocid1.routetable.oc1.iad.aaaaaaaa7mjyraichlpjm4rrtqrzuvapvk73pmbviertrexwvx726k3tmz7a",
                "default_security_list_id": "ocid1.securitylist.oc1.iad.aaaaaaaan74e2nhvi3ormfhcnpm4sj4sdgcj4kr6o3mbstitwpmb5ifvtena",
                "defined_tags": {
                  "Oracle-Tags.CreatedBy": "99577676-lab.user01",
                  "Oracle-Tags.CreatedOn": "2020-06-07T08:52:59.576Z"
                },
                "display_name": "terraformVCN",
                "dns_label": "terraformvcn",
                "freeform_tags": {},
                "id": "ocid1.vcn.oc1.iad.amaaaaaalwlrxmya5y2kx5p3lpkdf5pt7zesaeeph543mlhxaqflagxdddga",
                "ipv6cidr_block": "",
                "ipv6public_cidr_block": "",
                "is_ipv6enabled": false,
                "state": "AVAILABLE",
                "time_created": "2020-06-07 08:52:59.581 +0000 UTC",
                "vcn_domain_name": "terraformvcn.oraclevcn.com"
              }
            ]
          }
        }
      ]
    },
    {
      "mode": "data",
      "type": "oci_identity_availability_domains",
      "name": "ad",
      "provider": "provider.oci",
      "instances": [
        {
          "schema_version": 0,
          "attributes": {
            "availability_domains": [
              {
                "compartment_id": "ocid1.tenancy.oc1..aaaaaaaa6hqeaaiu4j6osmqi3e4e5ncq7e7sa5ydzzd33bquycny3rbxvwpq",
                "id": "ocid1.availabilitydomain.oc1..aaaaaaaauvt2n7pijol7uqgdnnsoojcukrijtmcltvfwxazmitk235wyohta",
                "name": "HKve:US-ASHBURN-AD-1"
              },
              {
                "compartment_id": "ocid1.tenancy.oc1..aaaaaaaa6hqeaaiu4j6osmqi3e4e5ncq7e7sa5ydzzd33bquycny3rbxvwpq",
                "id": "ocid1.availabilitydomain.oc1..aaaaaaaaztunlny6ae4yw2vghp5go2zceaonwp6wiioe3tnh2vlaxjjl2n3a",
                "name": "HKve:US-ASHBURN-AD-2"
              },
              {
                "compartment_id": "ocid1.tenancy.oc1..aaaaaaaa6hqeaaiu4j6osmqi3e4e5ncq7e7sa5ydzzd33bquycny3rbxvwpq",
                "id": "ocid1.availabilitydomain.oc1..aaaaaaaatrwxaogr7dl4yschqtrmqrdv6uzis3mgbnomiagqrfhcb7mxsfdq",
                "name": "HKve:US-ASHBURN-AD-3"
              }
            ],
            "compartment_id": "ocid1.tenancy.oc1..aaaaaaaa6hqeaaiu4j6osmqi3e4e5ncq7e7sa5ydzzd33bquycny3rbxvwpq",
            "filter": null,
            "id": "2020-06-07 11:26:39.607255 +0000 UTC"
          }
        }
      ]
    },
    {
      "mode": "managed",
      "type": "null_resource",
      "name": "http_deploy",
      "each": "list",
      "provider": "provider.null",
      "instances": []
    },
    {
      "mode": "managed",
      "type": "oci_core_instance",
      "name": "web",
      "each": "list",
      "provider": "provider.oci",
      "instances": [
        {
          "index_key": 0,
          "schema_version": 0,
          "attributes": {
            "agent_config": [
              {
                "is_management_disabled": false,
                "is_monitoring_disabled": false
              }
            ],
            "availability_domain": "HKve:US-ASHBURN-AD-1",
            "boot_volume_id": "ocid1.bootvolume.oc1.iad.abuwcljrm4e4gykvbds6rvftrpo5dquxac56kbgkli7kp43dxnnuxkwdmhha",
            "compartment_id": "ocid1.compartment.oc1..aaaaaaaab3putcdaqhecakltz55supy2mkfumaojtlqc3ctyctczpdxklqyq",
            "create_vnic_details": [
              {
                "assign_public_ip": "true",
                "defined_tags": {
                  "Oracle-Tags.CreatedBy": "99577676-lab.user01",
                  "Oracle-Tags.CreatedOn": "2020-06-07T11:19:12.766Z"
                },
                "display_name": "Primaryvnic",
                "freeform_tags": {},
                "hostname_label": "web0",
                "nsg_ids": [],
                "private_ip": "10.0.0.9",
                "skip_source_dest_check": false,
                "subnet_id": "ocid1.subnet.oc1.iad.aaaaaaaae7tm2guxqmcwdeu7o4xi2k2qx5kzajbm5xwyqhhp6symmvxjvkxa"
              }
            ],
            "dedicated_vm_host_id": null,
            "defined_tags": {
              "Oracle-Tags.CreatedBy": "99577676-lab.user01",
              "Oracle-Tags.CreatedOn": "2020-06-07T11:19:12.388Z"
            },
            "display_name": "web0",
            "extended_metadata": {},
            "fault_domain": "FAULT-DOMAIN-1",
            "freeform_tags": {},
            "hostname_label": "web0",
            "id": "ocid1.instance.oc1.iad.anuwcljrlwlrxmyc2b5qr7qk7jkdtxjlud3z36altvpvniqgi3q4xnnesayq",
            "image": "ocid1.image.oc1.iad.aaaaaaaageeenzyuxgia726xur4ztaoxbxyjlxogdhreu3ngfj2gji3bayda",
            "ipxe_script": null,
            "is_pv_encryption_in_transit_enabled": null,
            "launch_mode": "NATIVE",
            "launch_options": [
              {
                "boot_volume_type": "PARAVIRTUALIZED",
                "firmware": "UEFI_64",
                "is_consistent_volume_naming_enabled": false,
                "is_pv_encryption_in_transit_enabled": false,
                "network_type": "VFIO",
                "remote_data_volume_type": "PARAVIRTUALIZED"
              }
            ],
            "metadata": {
              "ssh_authorized_keys": "ssh-rsa AAAAB3NzaC1yc2EAAAADAQABAAABAQDzpWc20IA4jP5+VSXwJUPpSuzcCDnakuJ9MSif0AJQMW+g572Pj71aDig63jmY2ews2oTeP/UDPieTwc1E+r8iUFYgyRJE+2Xp2TkDcEHVoeFOMezz3QR4P3p+RJcf7ybH7AabdB8drDWtB2SDbuBNzTeMeIWE9HkDUPBMkQWgtnuhy6jEdYDgmq+YPBC/beGtyWhx4DjqIK0x3iPfReQYnRh8eHlJhJKNkO9ShK4hWk6MwH5e2mvrgbwjL8mNmPa/bDRo7OhvqWnAQ0W08ZywhfUO0lvGShHlQBYgiLZ713p+9QRgl50w3GWpt79xld99JjT+2UGrFtZzNVz8gFkJ dilli@Dillis-MBP-WIFI"
            },
            "preserve_boot_volume": null,
            "private_ip": "10.0.0.9",
            "public_ip": "132.145.198.7",
            "region": "iad",
            "shape": "VM.Standard2.1",
            "shape_config": [
              {
                "gpu_description": "",
                "gpus": 0,
                "local_disk_description": "",
                "local_disks": 0,
                "local_disks_total_size_in_gbs": 0,
                "max_vnic_attachments": 2,
                "memory_in_gbs": 15,
                "networking_bandwidth_in_gbps": 1,
                "ocpus": 1,
                "processor_description": "2.0 GHz Intel® Xeon® Platinum 8167M (Skylake)"
              }
            ],
            "source_details": [
              {
                "boot_volume_size_in_gbs": "47",
                "kms_key_id": "",
                "source_id": "ocid1.image.oc1.iad.aaaaaaaageeenzyuxgia726xur4ztaoxbxyjlxogdhreu3ngfj2gji3bayda",
                "source_type": "image"
              }
            ],
            "state": "RUNNING",
            "subnet_id": "ocid1.subnet.oc1.iad.aaaaaaaae7tm2guxqmcwdeu7o4xi2k2qx5kzajbm5xwyqhhp6symmvxjvkxa",
            "system_tags": {},
            "time_created": "2020-06-07 11:19:13.576 +0000 UTC",
            "time_maintenance_reboot_due": "",
            "timeouts": {
              "create": "60m",
              "delete": null,
              "update": null
            }
          },
          "private": "eyJlMmJmYjczMC1lY2FhLTExZTYtOGY4OC0zNDM2M2JjN2M0YzAiOnsiY3JlYXRlIjozNjAwMDAwMDAwMDAwLCJkZWxldGUiOjcyMDAwMDAwMDAwMDAsInVwZGF0ZSI6NzIwMDAwMDAwMDAwMH19"
        }
      ]
    }
  ]
}
