{
  "version": 4,
  "terraform_version": "0.12.26",
  "serial": 11,
  "lineage": "1f79a04d-310e-014c-c59a-95eb263547d6",
  "outputs": {
    "ObjectBuckerPreAuthURL": {
      "value": "https://objectstorage.us-ashburn-1.oraclecloud.com/p/-9mhftzjTApskDm2BSXyyt6_OAsU0PdvshhwT5-weD4/n/ocuocictrng21/b/terraformBucket/o/",
      "type": "string"
    }
  },
  "resources": [
    {
      "mode": "managed",
      "type": "oci_objectstorage_bucket",
      "name": "terrformBucker",
      "provider": "provider.oci",
      "instances": [
        {
          "schema_version": 0,
          "attributes": {
            "access_type": "NoPublicAccess",
            "approximate_count": "0",
            "approximate_size": "0",
            "bucket_id": "ocid1.bucket.oc1.iad.aaaaaaaaxsxibqvviouysyy5ddzqyfliw46jjim6fahrzm4vn5zcalhz3eoa",
            "compartment_id": "ocid1.compartment.oc1..aaaaaaaab3putcdaqhecakltz55supy2mkfumaojtlqc3ctyctczpdxklqyq",
            "created_by": "ocid1.user.oc1..aaaaaaaaopze2yacu4zbonu6irsd3x7hrvc5npqofc2uvlhidmab7yfizada",
            "defined_tags": {
              "Oracle-Tags.CreatedBy": "99577676-lab.user01",
              "Oracle-Tags.CreatedOn": "2020-06-07T09:16:24.008Z"
            },
            "etag": "9af0ffc4-2593-444b-8977-a8b335099850",
            "freeform_tags": {},
            "id": "n/ocuocictrng21/b/terraformBucket",
            "is_read_only": false,
            "kms_key_id": null,
            "metadata": null,
            "name": "terraformBucket",
            "namespace": "ocuocictrng21",
            "object_events_enabled": false,
            "object_lifecycle_policy_etag": null,
            "replication_enabled": false,
            "retention_rules": [],
            "storage_tier": "Standard",
            "time_created": "2020-06-07 09:16:24.017 +0000 UTC",
            "timeouts": null,
            "versioning": "Disabled"
          },
          "private": "eyJlMmJmYjczMC1lY2FhLTExZTYtOGY4OC0zNDM2M2JjN2M0YzAiOnsiY3JlYXRlIjo5MDAwMDAwMDAwMDAsImRlbGV0ZSI6OTAwMDAwMDAwMDAwLCJ1cGRhdGUiOjkwMDAwMDAwMDAwMH19"
        }
      ]
    },
    {
      "mode": "managed",
      "type": "oci_objectstorage_preauthrequest",
      "name": "terraformPreAuth",
      "provider": "provider.oci",
      "instances": [
        {
          "schema_version": 0,
          "attributes": {
            "access_type": "AnyObjectWrite",
            "access_uri": "/p/-9mhftzjTApskDm2BSXyyt6_OAsU0PdvshhwT5-weD4/n/ocuocictrng21/b/terraformBucket/o/",
            "bucket": "terraformBucket",
            "id": "n/ocuocictrng21/b/terraformBucket/p/JiLfnZmjKfaPusGWKK1IHCmmuDoOk%2FD4SPOp+QWLH4A=",
            "name": "terraformPreAuth",
            "namespace": "ocuocictrng21",
            "object": null,
            "par_id": "JiLfnZmjKfaPusGWKK1IHCmmuDoOk/D4SPOp+QWLH4A=",
            "time_created": "2020-06-07 09:16:25.831 +0000 UTC",
            "time_expires": "2020-08-01T00:00:00Z",
            "timeouts": null
          },
          "private": "eyJlMmJmYjczMC1lY2FhLTExZTYtOGY4OC0zNDM2M2JjN2M0YzAiOnsiY3JlYXRlIjo5MDAwMDAwMDAwMDAsImRlbGV0ZSI6OTAwMDAwMDAwMDAwLCJ1cGRhdGUiOjkwMDAwMDAwMDAwMH19"
        }
      ]
    }
  ]
}
